
Microsoft Visual Studio Solution File, Format Version 12.00
# Visual Studio Version 16
VisualStudioVersion = 16.0.30114.105
MinimumVisualStudioVersion = 10.0.40219.1
Project("{FAE04EC0-301F-11D3-BF4B-00C04F79EFBC}") = "AzureMessageQueues.Publisher", "AzureMessageQueues.Publisher\AzureMessageQueues.Publisher.csproj", "{712B1A86-695F-4AF4-8111-345813042B84}"
EndProject
Project("{FAE04EC0-301F-11D3-BF4B-00C04F79EFBC}") = "AzureMessageQueues.Core", "AzureMessageQueues.Core\AzureMessageQueues.Core.csproj", "{4450309B-4C9D-41CD-A9E2-2F7E060EB1EF}"
EndProject
Global
	GlobalSection(SolutionConfigurationPlatforms) = preSolution
		Debug|Any CPU = Debug|Any CPU
		Release|Any CPU = Release|Any CPU
	EndGlobalSection
	GlobalSection(ProjectConfigurationPlatforms) = postSolution
		{712B1A86-695F-4AF4-8111-345813042B84}.Debug|Any CPU.ActiveCfg = Debug|Any CPU
		{712B1A86-695F-4AF4-8111-345813042B84}.Debug|Any CPU.Build.0 = Debug|Any CPU
		{712B1A86-695F-4AF4-8111-345813042B84}.Release|Any CPU.ActiveCfg = Release|Any CPU
		{712B1A86-695F-4AF4-8111-345813042B84}.Release|Any CPU.Build.0 = Release|Any CPU
		{4450309B-4C9D-41CD-A9E2-2F7E060EB1EF}.Debug|Any CPU.ActiveCfg = Debug|Any CPU
		{4450309B-4C9D-41CD-A9E2-2F7E060EB1EF}.Debug|Any CPU.Build.0 = Debug|Any CPU
		{4450309B-4C9D-41CD-A9E2-2F7E060EB1EF}.Release|Any CPU.ActiveCfg = Release|Any CPU
		{4450309B-4C9D-41CD-A9E2-2F7E060EB1EF}.Release|Any CPU.Build.0 = Release|Any CPU
	EndGlobalSection
	GlobalSection(SolutionProperties) = preSolution
		HideSolutionNode = FALSE
	EndGlobalSection
	GlobalSection(ExtensibilityGlobals) = postSolution
		SolutionGuid = {87BDBFF6-4FF1-48D5-B59B-93F22EDD9DD9}
	EndGlobalSection
EndGlobal
